// !$*UTF8*$!
{
	archiveVersion = 1;
	classes = {
	};
	objectVersion = 56;
	objects = {

/* Begin PBXBuildFile section */
		DBE6300229929B5B00223AB2 /* AppDelegate.swift in Sources */ = {isa = PBXBuildFile; fileRef = DBE6300129929B5B00223AB2 /* AppDelegate.swift */; };
		DBE6300429929B5B00223AB2 /* SceneDelegate.swift in Sources */ = {isa = PBXBuildFile; fileRef = DBE6300329929B5B00223AB2 /* SceneDelegate.swift */; };
		DBE6300629929B5B00223AB2 /* ViewController.swift in Sources */ = {isa = PBXBuildFile; fileRef = DBE6300529929B5B00223AB2 /* ViewController.swift */; };
		DBE6300929929B5B00223AB2 /* Main.storyboard in Resources */ = {isa = PBXBuildFile; fileRef = DBE6300729929B5B00223AB2 /* Main.storyboard */; };
		DBE6300B29929B5D00223AB2 /* Assets.xcassets in Resources */ = {isa = PBXBuildFile; fileRef = DBE6300A29929B5D00223AB2 /* Assets.xcassets */; };
		DBE6300E29929B5D00223AB2 /* LaunchScreen.storyboard in Resources */ = {isa = PBXBuildFile; fileRef = DBE6300C29929B5D00223AB2 /* LaunchScreen.storyboard */; };
		DBE6302B2992A01A00223AB2 /* libsampleStaticLibrary.a in Frameworks */ = {isa = PBXBuildFile; fileRef = DBE630242992A01A00223AB2 /* libsampleStaticLibrary.a */; };
		DBE6302C2992A01A00223AB2 /* x86_64-apple-ios-simulator.swiftdoc in Resources */ = {isa = PBXBuildFile; fileRef = DBE630262992A01A00223AB2 /* x86_64-apple-ios-simulator.swiftdoc */; };
		DBE6302D2992A01A00223AB2 /* x86_64-apple-ios-simulator.swiftmodule in Resources */ = {isa = PBXBuildFile; fileRef = DBE630272992A01A00223AB2 /* x86_64-apple-ios-simulator.swiftmodule */; };
		DBE6302E2992A01A00223AB2 /* x86_64-apple-ios-simulator.swiftsourceinfo in Resources */ = {isa = PBXBuildFile; fileRef = DBE630292992A01A00223AB2 /* x86_64-apple-ios-simulator.swiftsourceinfo */; };
		DBE6302F2992A01A00223AB2 /* x86_64-apple-ios-simulator.abi.json in Resources */ = {isa = PBXBuildFile; fileRef = DBE6302A2992A01A00223AB2 /* x86_64-apple-ios-simulator.abi.json */; };
/* End PBXBuildFile section */

/* Begin PBXFileReference section */
		DBE62FFE29929B5B00223AB2 /* sampleStaticLibraryMainApp.app */ = {isa = PBXFileReference; explicitFileType = wrapper.application; includeInIndex = 0; path = sampleStaticLibraryMainApp.app; sourceTree = BUILT_PRODUCTS_DIR; };
		DBE6300129929B5B00223AB2 /* AppDelegate.swift */ = {isa = PBXFileReference; lastKnownFileType = sourcecode.swift; path = AppDelegate.swift; sourceTree = "<group>"; };
		DBE6300329929B5B00223AB2 /* SceneDelegate.swift */ = {isa = PBXFileReference; lastKnownFileType = sourcecode.swift; path = SceneDelegate.swift; sourceTree = "<group>"; };
		DBE6300529929B5B00223AB2 /* ViewController.swift */ = {isa = PBXFileReference; lastKnownFileType = sourcecode.swift; path = ViewController.swift; sourceTree = "<group>"; };
		DBE6300829929B5B00223AB2 /* Base */ = {isa = PBXFileReference; lastKnownFileType = file.storyboard; name = Base; path = Base.lproj/Main.storyboard; sourceTree = "<group>"; };
		DBE6300A29929B5D00223AB2 /* Assets.xcassets */ = {isa = PBXFileReference; lastKnownFileType = folder.assetcatalog; path = Assets.xcassets; sourceTree = "<group>"; };
		DBE6300D29929B5D00223AB2 /* Base */ = {isa = PBXFileReference; lastKnownFileType = file.storyboard; name = Base; path = Base.lproj/LaunchScreen.storyboard; sourceTree = "<group>"; };
		DBE6300F29929B5D00223AB2 /* Info.plist */ = {isa = PBXFileReference; lastKnownFileType = text.plist.xml; path = Info.plist; sourceTree = "<group>"; };
		DBE630242992A01A00223AB2 /* libsampleStaticLibrary.a */ = {isa = PBXFileReference; lastKnownFileType = archive.ar; path = libsampleStaticLibrary.a; sourceTree = "<group>"; };
		DBE630262992A01A00223AB2 /* x86_64-apple-ios-simulator.swiftdoc */ = {isa = PBXFileReference; lastKnownFileType = file; path = "x86_64-apple-ios-simulator.swiftdoc"; sourceTree = "<group>"; };
		DBE630272992A01A00223AB2 /* x86_64-apple-ios-simulator.swiftmodule */ = {isa = PBXFileReference; lastKnownFileType = file; path = "x86_64-apple-ios-simulator.swiftmodule"; sourceTree = "<group>"; };
		DBE630292992A01A00223AB2 /* x86_64-apple-ios-simulator.swiftsourceinfo */ = {isa = PBXFileReference; lastKnownFileType = file; path = "x86_64-apple-ios-simulator.swiftsourceinfo"; sourceTree = "<group>"; };
		DBE6302A2992A01A00223AB2 /* x86_64-apple-ios-simulator.abi.json */ = {isa = PBXFileReference; fileEncoding = 4; lastKnownFileType = text.json; path = "x86_64-apple-ios-simulator.abi.json"; sourceTree = "<group>"; };
/* End PBXFileReference section */

/* Begin PBXFrameworksBuildPhase section */
		DBE62FFB29929B5B00223AB2 /* Frameworks */ = {
			isa = PBXFrameworksBuildPhase;
			buildActionMask = 2147483647;
			files = (
				DBE6302B2992A01A00223AB2 /* libsampleStaticLibrary.a in Frameworks */,
			);
			runOnlyForDeploymentPostprocessing = 0;
		};
/* End PBXFrameworksBuildPhase section */

/* Begin PBXGroup section */
		DBE62FF529929B5B00223AB2 = {
			isa = PBXGroup;
			children = (
				DBE6300029929B5B00223AB2 /* sampleStaticLibraryMainApp */,
				DBE62FFF29929B5B00223AB2 /* Products */,
			);
			sourceTree = "<group>";
		};
		DBE62FFF29929B5B00223AB2 /* Products */ = {
			isa = PBXGroup;
			children = (
				DBE62FFE29929B5B00223AB2 /* sampleStaticLibraryMainApp.app */,
			);
			name = Products;
			sourceTree = "<group>";
		};
		DBE6300029929B5B00223AB2 /* sampleStaticLibraryMainApp */ = {
			isa = PBXGroup;
			children = (
				DBE6301529929BBF00223AB2 /* staticLibrary */,
				DBE6300129929B5B00223AB2 /* AppDelegate.swift */,
				DBE6300329929B5B00223AB2 /* SceneDelegate.swift */,
				DBE6300529929B5B00223AB2 /* ViewController.swift */,
				DBE6300729929B5B00223AB2 /* Main.storyboard */,
				DBE6300A29929B5D00223AB2 /* Assets.xcassets */,
				DBE6300C29929B5D00223AB2 /* LaunchScreen.storyboard */,
				DBE6300F29929B5D00223AB2 /* Info.plist */,
			);
			path = sampleStaticLibraryMainApp;
			sourceTree = "<group>";
		};
		DBE6301529929BBF00223AB2 /* staticLibrary */ = {
			isa = PBXGroup;
			children = (
				DBE630242992A01A00223AB2 /* libsampleStaticLibrary.a */,
				DBE630252992A01A00223AB2 /* sampleStaticLibrary.swiftmodule */,
			);
			path = staticLibrary;
			sourceTree = "<group>";
		};
		DBE630252992A01A00223AB2 /* sampleStaticLibrary.swiftmodule */ = {
			isa = PBXGroup;
			children = (
				DBE630262992A01A00223AB2 /* x86_64-apple-ios-simulator.swiftdoc */,
				DBE630272992A01A00223AB2 /* x86_64-apple-ios-simulator.swiftmodule */,
				DBE630282992A01A00223AB2 /* Project */,
				DBE6302A2992A01A00223AB2 /* x86_64-apple-ios-simulator.abi.json */,
			);
			path = sampleStaticLibrary.swiftmodule;
			sourceTree = "<group>";
		};
		DBE630282992A01A00223AB2 /* Project */ = {
			isa = PBXGroup;
			children = (
				DBE630292992A01A00223AB2 /* x86_64-apple-ios-simulator.swiftsourceinfo */,
			);
			path = Project;
			sourceTree = "<group>";
		};
/* End PBXGroup section */

/* Begin PBXNativeTarget section */
		DBE62FFD29929B5B00223AB2 /* sampleStaticLibraryMainApp */ = {
			isa = PBXNativeTarget;
			buildConfigurationList = DBE6301229929B5D00223AB2 /* Build configuration list for PBXNativeTarget "sampleStaticLibraryMainApp" */;
			buildPhases = (
				DBE62FFA29929B5B00223AB2 /* Sources */,
				DBE62FFB29929B5B00223AB2 /* Frameworks */,
				DBE62FFC29929B5B00223AB2 /* Resources */,
			);
			buildRules = (
			);
			dependencies = (
			);
			name = sampleStaticLibraryMainApp;
			productName = sampleStaticLibraryMainApp;
			productReference = DBE62FFE29929B5B00223AB2 /* sampleStaticLibraryMainApp.app */;
			productType = "com.apple.product-type.application";
		};
/* End PBXNativeTarget section */

/* Begin PBXProject section */
		DBE62FF629929B5B00223AB2 /* Project object */ = {
			isa = PBXProject;
			attributes = {
				BuildIndependentTargetsInParallel = 1;
				LastSwiftUpdateCheck = 1420;
				LastUpgradeCheck = 1420;
				TargetAttributes = {
					DBE62FFD29929B5B00223AB2 = {
						CreatedOnToolsVersion = 14.2;
					};
				};
			};
			buildConfigurationList = DBE62FF929929B5B00223AB2 /* Build configuration list for PBXProject "sampleStaticLibraryMainApp" */;
			compatibilityVersion = "Xcode 14.0";
			developmentRegion = en;
			hasScannedForEncodings = 0;
			knownRegions = (
				en,
				Base,
			);
			mainGroup = DBE62FF529929B5B00223AB2;
			productRefGroup = DBE62FFF29929B5B00223AB2 /* Products */;
			projectDirPath = "";
			projectRoot = "";
			targets = (
				DBE62FFD29929B5B00223AB2 /* sampleStaticLibraryMainApp */,
			);
		};
/* End PBXProject section */

/* Begin PBXResourcesBuildPhase section */
		DBE62FFC29929B5B00223AB2 /* Resources */ = {
			isa = PBXResourcesBuildPhase;
			buildActionMask = 2147483647;
			files = (
				DBE6302F2992A01A00223AB2 /* x86_64-apple-ios-simulator.abi.json in Resources */,
				DBE6302D2992A01A00223AB2 /* x86_64-apple-ios-simulator.swiftmodule in Resources */,
				DBE6302E2992A01A00223AB2 /* x86_64-apple-ios-simulator.swiftsourceinfo in Resources */,
				DBE6300E29929B5D00223AB2 /* LaunchScreen.storyboard in Resources */,
				DBE6300B29929B5D00223AB2 /* Assets.xcassets in Resources */,
				DBE6300929929B5B00223AB2 /* Main.storyboard in Resources */,
				DBE6302C2992A01A00223AB2 /* x86_64-apple-ios-simulator.swiftdoc in Resources */,
			);
			runOnlyForDeploymentPostprocessing = 0;
		};
/* End PBXResourcesBuildPhase section */

/* Begin PBXSourcesBuildPhase section */
		DBE62FFA29929B5B00223AB2 /* Sources */ = {
			isa = PBXSourcesBuildPhase;
			buildActionMask = 2147483647;
			files = (
				DBE6300629929B5B00223AB2 /* ViewController.swift in Sources */,
				DBE6300229929B5B00223AB2 /* AppDelegate.swift in Sources */,
				DBE6300429929B5B00223AB2 /* SceneDelegate.swift in Sources */,
			);
			runOnlyForDeploymentPostprocessing = 0;
		};
/* End PBXSourcesBuildPhase section */

/* Begin PBXVariantGroup section */
		DBE6300729929B5B00223AB2 /* Main.storyboard */ = {
			isa = PBXVariantGroup;
			children = (
				DBE6300829929B5B00223AB2 /* Base */,
			);
			name = Main.storyboard;
			sourceTree = "<group>";
		};
		DBE6300C29929B5D00223AB2 /* LaunchScreen.storyboard */ = {
			isa = PBXVariantGroup;
			children = (
				DBE6300D29929B5D00223AB2 /* Base */,
			);
			name = LaunchScreen.storyboard;
			sourceTree = "<group>";
		};
/* End PBXVariantGroup section */

/* Begin XCBuildConfiguration section */
		DBE6301029929B5D00223AB2 /* Debug */ = {
			isa = XCBuildConfiguration;
			buildSettings = {
				ALWAYS_SEARCH_USER_PATHS = NO;
				CLANG_ANALYZER_NONNULL = YES;
				CLANG_ANALYZER_NUMBER_OBJECT_CONVERSION = YES_AGGRESSIVE;
				CLANG_CXX_LANGUAGE_STANDARD = "gnu++20";
				CLANG_ENABLE_MODULES = YES;
				CLANG_ENABLE_OBJC_ARC = YES;
				CLANG_ENABLE_OBJC_WEAK = YES;
				CLANG_WARN_BLOCK_CAPTURE_AUTORELEASING = YES;
				CLANG_WARN_BOOL_CONVERSION = YES;
				CLANG_WARN_COMMA = YES;
				CLANG_WARN_CONSTANT_CONVERSION = YES;
				CLANG_WARN_DEPRECATED_OBJC_IMPLEMENTATIONS = YES;
				CLANG_WARN_DIRECT_OBJC_ISA_USAGE = YES_ERROR;
				CLANG_WARN_DOCUMENTATION_COMMENTS = YES;
				CLANG_WARN_EMPTY_BODY = YES;
				CLANG_WARN_ENUM_CONVERSION = YES;
				CLANG_WARN_INFINITE_RECURSION = YES;
				CLANG_WARN_INT_CONVERSION = YES;
				CLANG_WARN_NON_LITERAL_NULL_CONVERSION = YES;
				CLANG_WARN_OBJC_IMPLICIT_RETAIN_SELF = YES;
				CLANG_WARN_OBJC_LITERAL_CONVERSION = YES;
				CLANG_WARN_OBJC_ROOT_CLASS = YES_ERROR;
				CLANG_WARN_QUOTED_INCLUDE_IN_FRAMEWORK_HEADER = YES;
				CLANG_WARN_RANGE_LOOP_ANALYSIS = YES;
				CLANG_WARN_STRICT_PROTOTYPES = YES;
				CLANG_WARN_SUSPICIOUS_MOVE = YES;
				CLANG_WARN_UNGUARDED_AVAILABILITY = YES_AGGRESSIVE;
				CLANG_WARN_UNREACHABLE_CODE = YES;
				CLANG_WARN__DUPLICATE_METHOD_MATCH = YES;
				COPY_PHASE_STRIP = NO;
				DEBUG_INFORMATION_FORMAT = dwarf;
				ENABLE_STRICT_OBJC_MSGSEND = YES;
				ENABLE_TESTABILITY = YES;
				GCC_C_LANGUAGE_STANDARD = gnu11;
				GCC_DYNAMIC_NO_PIC = NO;
				GCC_NO_COMMON_BLOCKS = YES;
				GCC_OPTIMIZATION_LEVEL = 0;
				GCC_PREPROCESSOR_DEFINITIONS = (
					"DEBUG=1",
					"$(inherited)",
				);
				GCC_WARN_64_TO_32_BIT_CONVERSION = YES;
				GCC_WARN_ABOUT_RETURN_TYPE = YES_ERROR;
				GCC_WARN_UNDECLARED_SELECTOR = YES;
				GCC_WARN_UNINITIALIZED_AUTOS = YES_AGGRESSIVE;
				GCC_WARN_UNUSED_FUNCTION = YES;
				GCC_WARN_UNUSED_VARIABLE = YES;
				IPHONEOS_DEPLOYMENT_TARGET = 16.2;
				MTL_ENABLE_DEBUG_INFO = INCLUDE_SOURCE;
				MTL_FAST_MATH = YES;
				ONLY_ACTIVE_ARCH = YES;
				SDKROOT = iphoneos;
				SWIFT_ACTIVE_COMPILATION_CONDITIONS = DEBUG;
				SWIFT_OPTIMIZATION_LEVEL = "-Onone";
			};
			name = Debug;
		};
		DBE6301129929B5D00223AB2 /* Release */ = {
			isa = XCBuildConfiguration;
			buildSettings = {
				ALWAYS_SEARCH_USER_PATHS = NO;
				CLANG_ANALYZER_NONNULL = YES;
				CLANG_ANALYZER_NUMBER_OBJECT_CONVERSION = YES_AGGRESSIVE;
				CLANG_CXX_LANGUAGE_STANDARD = "gnu++20";
				CLANG_ENABLE_MODULES = YES;
				CLANG_ENABLE_OBJC_ARC = YES;
				CLANG_ENABLE_OBJC_WEAK = YES;
				CLANG_WARN_BLOCK_CAPTURE_AUTORELEASING = YES;
				CLANG_WARN_BOOL_CONVERSION = YES;
				CLANG_WARN_COMMA = YES;
				CLANG_WARN_CONSTANT_CONVERSION = YES;
				CLANG_WARN_DEPRECATED_OBJC_IMPLEMENTATIONS = YES;
				CLANG_WARN_DIRECT_OBJC_ISA_USAGE = YES_ERROR;
				CLANG_WARN_DOCUMENTATION_COMMENTS = YES;
				CLANG_WARN_EMPTY_BODY = YES;
				CLANG_WARN_ENUM_CONVERSION = YES;
				CLANG_WARN_INFINITE_RECURSION = YES;
				CLANG_WARN_INT_CONVERSION = YES;
				CLANG_WARN_NON_LITERAL_NULL_CONVERSION = YES;
				CLANG_WARN_OBJC_IMPLICIT_RETAIN_SELF = YES;
				CLANG_WARN_OBJC_LITERAL_CONVERSION = YES;
				CLANG_WARN_OBJC_ROOT_CLASS = YES_ERROR;
				CLANG_WARN_QUOTED_INCLUDE_IN_FRAMEWORK_HEADER = YES;
				CLANG_WARN_RANGE_LOOP_ANALYSIS = YES;
				CLANG_WARN_STRICT_PROTOTYPES = YES;
				CLANG_WARN_SUSPICIOUS_MOVE = YES;
				CLANG_WARN_UNGUARDED_AVAILABILITY = YES_AGGRESSIVE;
				CLANG_WARN_UNREACHABLE_CODE = YES;
				CLANG_WARN__DUPLICATE_METHOD_MATCH = YES;
				COPY_PHASE_STRIP = NO;
				DEBUG_INFORMATION_FORMAT = "dwarf-with-dsym";
				ENABLE_NS_ASSERTIONS = NO;
				ENABLE_STRICT_OBJC_MSGSEND = YES;
				GCC_C_LANGUAGE_STANDARD = gnu11;
				GCC_NO_COMMON_BLOCKS = YES;
				GCC_WARN_64_TO_32_BIT_CONVERSION = YES;
				GCC_WARN_ABOUT_RETURN_TYPE = YES_ERROR;
				GCC_WARN_UNDECLARED_SELECTOR = YES;
				GCC_WARN_UNINITIALIZED_AUTOS = YES_AGGRESSIVE;
				GCC_WARN_UNUSED_FUNCTION = YES;
				GCC_WARN_UNUSED_VARIABLE = YES;
				IPHONEOS_DEPLOYMENT_TARGET = 16.2;
				MTL_ENABLE_DEBUG_INFO = NO;
				MTL_FAST_MATH = YES;
				SDKROOT = iphoneos;
				SWIFT_COMPILATION_MODE = wholemodule;
				SWIFT_OPTIMIZATION_LEVEL = "-O";
				VALIDATE_PRODUCT = YES;
			};
			name = Release;
		};
		DBE6301329929B5D00223AB2 /* Debug */ = {
			isa = XCBuildConfiguration;
			buildSettings = {
				ASSETCATALOG_COMPILER_APPICON_NAME = AppIcon;
				ASSETCATALOG_COMPILER_GLOBAL_ACCENT_COLOR_NAME = AccentColor;
				CODE_SIGN_STYLE = Automatic;
				CURRENT_PROJECT_VERSION = 1;
				GENERATE_INFOPLIST_FILE = YES;
				INFOPLIST_FILE = sampleStaticLibraryMainApp/Info.plist;
				INFOPLIST_KEY_UIApplicationSupportsIndirectInputEvents = YES;
				INFOPLIST_KEY_UILaunchStoryboardName = LaunchScreen;
				INFOPLIST_KEY_UIMainStoryboardFile = Main;
				INFOPLIST_KEY_UISupportedInterfaceOrientations_iPad = "UIInterfaceOrientationPortrait UIInterfaceOrientationPortraitUpsideDown UIInterfaceOrientationLandscapeLeft UIInterfaceOrientationLandscapeRight";
				INFOPLIST_KEY_UISupportedInterfaceOrientations_iPhone = "UIInterfaceOrientationPortrait UIInterfaceOrientationLandscapeLeft UIInterfaceOrientationLandscapeRight";
				LD_RUNPATH_SEARCH_PATHS = (
					"$(inherited)",
					"@executable_path/Frameworks",
				);
				LIBRARY_SEARCH_PATHS = (
					"$(inherited)",
					"$(PROJECT_DIR)/sampleStaticLibraryMainApp/staticLibrary",
				);
				MARKETING_VERSION = 1.0;
				PRODUCT_BUNDLE_IDENTIFIER = com.learnSampleStaticLibrary.sampleStaticLibraryMainApp;
				PRODUCT_NAME = "$(TARGET_NAME)";
				SWIFT_EMIT_LOC_STRINGS = YES;
				SWIFT_INCLUDE_PATHS = "$(PROJECT_DIR)/sampleStaticLibraryMainApp/staticLibrary";
				SWIFT_VERSION = 5.0;
				TARGETED_DEVICE_FAMILY = "1,2";
			};
			name = Debug;
		};
		DBE6301429929B5D00223AB2 /* Release */ = {
			isa = XCBuildConfiguration;
			buildSettings = {
				ASSETCATALOG_COMPILER_APPICON_NAME = AppIcon;
				ASSETCATALOG_COMPILER_GLOBAL_ACCENT_COLOR_NAME = AccentColor;
				CODE_SIGN_STYLE = Automatic;
				CURRENT_PROJECT_VERSION = 1;
				GENERATE_INFOPLIST_FILE = YES;
				INFOPLIST_FILE = sampleStaticLibraryMainApp/Info.plist;
				INFOPLIST_KEY_UIApplicationSupportsIndirectInputEvents = YES;
				INFOPLIST_KEY_UILaunchStoryboardName = LaunchScreen;
				INFOPLIST_KEY_UIMainStoryboardFile = Main;
				INFOPLIST_KEY_UISupportedInterfaceOrientations_iPad = "UIInterfaceOrientationPortrait UIInterfaceOrientationPortraitUpsideDown UIInterfaceOrientationLandscapeLeft UIInterfaceOrientationLandscapeRight";
				INFOPLIST_KEY_UISupportedInterfaceOrientations_iPhone = "UIInterfaceOrientationPortrait UIInterfaceOrientationLandscapeLeft UIInterfaceOrientationLandscapeRight";
				LD_RUNPATH_SEARCH_PATHS = (
					"$(inherited)",
					"@executable_path/Frameworks",
				);
				LIBRARY_SEARCH_PATHS = (
					"$(inherited)",
					"$(PROJECT_DIR)/sampleStaticLibraryMainApp/staticLibrary",
				);
				MARKETING_VERSION = 1.0;
				PRODUCT_BUNDLE_IDENTIFIER = com.learnSampleStaticLibrary.sampleStaticLibraryMainApp;
				PRODUCT_NAME = "$(TARGET_NAME)";
				SWIFT_EMIT_LOC_STRINGS = YES;
				SWIFT_INCLUDE_PATHS = "$(PROJECT_DIR)/sampleStaticLibraryMainApp/staticLibrary";
				SWIFT_VERSION = 5.0;
				TARGETED_DEVICE_FAMILY = "1,2";
			};
			name = Release;
		};
/* End XCBuildConfiguration section */

/* Begin XCConfigurationList section */
		DBE62FF929929B5B00223AB2 /* Build configuration list for PBXProject "sampleStaticLibraryMainApp" */ = {
			isa = XCConfigurationList;
			buildConfigurations = (
				DBE6301029929B5D00223AB2 /* Debug */,
				DBE6301129929B5D00223AB2 /* Release */,
			);
			defaultConfigurationIsVisible = 0;
			defaultConfigurationName = Release;
		};
		DBE6301229929B5D00223AB2 /* Build configuration list for PBXNativeTarget "sampleStaticLibraryMainApp" */ = {
			isa = XCConfigurationList;
			buildConfigurations = (
				DBE6301329929B5D00223AB2 /* Debug */,
				DBE6301429929B5D00223AB2 /* Release */,
			);
			defaultConfigurationIsVisible = 0;
			defaultConfigurationName = Release;
		};
/* End XCConfigurationList section */
	};
	rootObject = DBE62FF629929B5B00223AB2 /* Project object */;
}
